
Microsoft Visual Studio Solution File, Format Version 12.00
# Visual Studio Version 16
VisualStudioVersion = 25.0.1706.3
MinimumVisualStudioVersion = 10.0.40219.1
Project("{FAE04EC0-301F-11D3-BF4B-00C04F79EFBC}") = "API", "API\API.csproj", "{F6812EDC-75B6-4F00-B9E6-1539565A1386}"
EndProject
Project("{FAE04EC0-301F-11D3-BF4B-00C04F79EFBC}") = "Domain", "Domain\Domain.csproj", "{6ABB4D1E-2B0E-4BC5-9F9C-5416FD3C462F}"
EndProject
Project("{FAE04EC0-301F-11D3-BF4B-00C04F79EFBC}") = "Infrastructure", "Infrastructure\Infrastructure.csproj", "{46344E33-5E7E-412A-96F2-025D8E96342D}"
EndProject
Project("{FAE04EC0-301F-11D3-BF4B-00C04F79EFBC}") = "Application", "Application\Application.csproj", "{CDDE1CF6-F08C-468E-9857-37F2704E7F4D}"
EndProject
Project("{FAE04EC0-301F-11D3-BF4B-00C04F79EFBC}") = "Infrastructure.Data", "Infrastructure.Data\Infrastructure.Data.csproj", "{1CD24B5C-BEA6-4423-9CFA-A925F734A7AE}"
EndProject
Project("{FAE04EC0-301F-11D3-BF4B-00C04F79EFBC}") = "Tests", "..\tests\Tests\Tests.csproj", "{E5CE5614-187E-43E0-86C0-B6EC97B8C499}"
EndProject
Global
	GlobalSection(SolutionConfigurationPlatforms) = preSolution
		Debug|Any CPU = Debug|Any CPU
		Release|Any CPU = Release|Any CPU
	EndGlobalSection
	GlobalSection(ProjectConfigurationPlatforms) = postSolution
		{F6812EDC-75B6-4F00-B9E6-1539565A1386}.Debug|Any CPU.ActiveCfg = Debug|Any CPU
		{F6812EDC-75B6-4F00-B9E6-1539565A1386}.Debug|Any CPU.Build.0 = Debug|Any CPU
		{F6812EDC-75B6-4F00-B9E6-1539565A1386}.Release|Any CPU.ActiveCfg = Release|Any CPU
		{F6812EDC-75B6-4F00-B9E6-1539565A1386}.Release|Any CPU.Build.0 = Release|Any CPU
		{6ABB4D1E-2B0E-4BC5-9F9C-5416FD3C462F}.Debug|Any CPU.ActiveCfg = Debug|Any CPU
		{6ABB4D1E-2B0E-4BC5-9F9C-5416FD3C462F}.Debug|Any CPU.Build.0 = Debug|Any CPU
		{6ABB4D1E-2B0E-4BC5-9F9C-5416FD3C462F}.Release|Any CPU.ActiveCfg = Release|Any CPU
		{6ABB4D1E-2B0E-4BC5-9F9C-5416FD3C462F}.Release|Any CPU.Build.0 = Release|Any CPU
		{46344E33-5E7E-412A-96F2-025D8E96342D}.Debug|Any CPU.ActiveCfg = Debug|Any CPU
		{46344E33-5E7E-412A-96F2-025D8E96342D}.Debug|Any CPU.Build.0 = Debug|Any CPU
		{46344E33-5E7E-412A-96F2-025D8E96342D}.Release|Any CPU.ActiveCfg = Release|Any CPU
		{46344E33-5E7E-412A-96F2-025D8E96342D}.Release|Any CPU.Build.0 = Release|Any CPU
		{CDDE1CF6-F08C-468E-9857-37F2704E7F4D}.Debug|Any CPU.ActiveCfg = Debug|Any CPU
		{CDDE1CF6-F08C-468E-9857-37F2704E7F4D}.Debug|Any CPU.Build.0 = Debug|Any CPU
		{CDDE1CF6-F08C-468E-9857-37F2704E7F4D}.Release|Any CPU.ActiveCfg = Release|Any CPU
		{CDDE1CF6-F08C-468E-9857-37F2704E7F4D}.Release|Any CPU.Build.0 = Release|Any CPU
		{1CD24B5C-BEA6-4423-9CFA-A925F734A7AE}.Debug|Any CPU.ActiveCfg = Debug|Any CPU
		{1CD24B5C-BEA6-4423-9CFA-A925F734A7AE}.Debug|Any CPU.Build.0 = Debug|Any CPU
		{1CD24B5C-BEA6-4423-9CFA-A925F734A7AE}.Release|Any CPU.ActiveCfg = Release|Any CPU
		{1CD24B5C-BEA6-4423-9CFA-A925F734A7AE}.Release|Any CPU.Build.0 = Release|Any CPU
		{E5CE5614-187E-43E0-86C0-B6EC97B8C499}.Debug|Any CPU.ActiveCfg = Debug|Any CPU
		{E5CE5614-187E-43E0-86C0-B6EC97B8C499}.Debug|Any CPU.Build.0 = Debug|Any CPU
		{E5CE5614-187E-43E0-86C0-B6EC97B8C499}.Release|Any CPU.ActiveCfg = Release|Any CPU
		{E5CE5614-187E-43E0-86C0-B6EC97B8C499}.Release|Any CPU.Build.0 = Release|Any CPU
	EndGlobalSection
	GlobalSection(SolutionProperties) = preSolution
		HideSolutionNode = FALSE
	EndGlobalSection
	GlobalSection(ExtensibilityGlobals) = postSolution
		SolutionGuid = {E60AC73D-4AD9-471F-A24B-E88F6C8D0A8D}
	EndGlobalSection
EndGlobal
